
Microsoft Visual Studio Solution File, Format Version 12.00
# Visual Studio 15
VisualStudioVersion = 15.0.28307.421
MinimumVisualStudioVersion = 10.0.40219.1
Project("{FAE04EC0-301F-11D3-BF4B-00C04F79EFBC}") = "TestingTesting123.Android", "TestingTesting123\TestingTesting123.Android\TestingTesting123.Android.csproj", "{24CE3C36-16B9-426D-AA0C-5961ECF8D88C}"
EndProject
Project("{FAE04EC0-301F-11D3-BF4B-00C04F79EFBC}") = "TestingTesting123", "TestingTesting123\TestingTesting123\TestingTesting123.csproj", "{B2A56F53-8DA6-4FBF-8370-A8823C382D56}"
EndProject
Global
	GlobalSection(SolutionConfigurationPlatforms) = preSolution
		Debug|Any CPU = Debug|Any CPU
		Release|Any CPU = Release|Any CPU
	EndGlobalSection
	GlobalSection(ProjectConfigurationPlatforms) = postSolution
		{24CE3C36-16B9-426D-AA0C-5961ECF8D88C}.Debug|Any CPU.ActiveCfg = Debug|Any CPU
		{24CE3C36-16B9-426D-AA0C-5961ECF8D88C}.Debug|Any CPU.Build.0 = Debug|Any CPU
		{24CE3C36-16B9-426D-AA0C-5961ECF8D88C}.Debug|Any CPU.Deploy.0 = Debug|Any CPU
		{24CE3C36-16B9-426D-AA0C-5961ECF8D88C}.Release|Any CPU.ActiveCfg = Release|Any CPU
		{24CE3C36-16B9-426D-AA0C-5961ECF8D88C}.Release|Any CPU.Build.0 = Release|Any CPU
		{24CE3C36-16B9-426D-AA0C-5961ECF8D88C}.Release|Any CPU.Deploy.0 = Release|Any CPU
		{B2A56F53-8DA6-4FBF-8370-A8823C382D56}.Debug|Any CPU.ActiveCfg = Debug|Any CPU
		{B2A56F53-8DA6-4FBF-8370-A8823C382D56}.Debug|Any CPU.Build.0 = Debug|Any CPU
		{B2A56F53-8DA6-4FBF-8370-A8823C382D56}.Debug|Any CPU.Deploy.0 = Debug|Any CPU
		{B2A56F53-8DA6-4FBF-8370-A8823C382D56}.Release|Any CPU.ActiveCfg = Release|Any CPU
		{B2A56F53-8DA6-4FBF-8370-A8823C382D56}.Release|Any CPU.Build.0 = Release|Any CPU
		{B2A56F53-8DA6-4FBF-8370-A8823C382D56}.Release|Any CPU.Deploy.0 = Release|Any CPU
	EndGlobalSection
	GlobalSection(SolutionProperties) = preSolution
		HideSolutionNode = FALSE
	EndGlobalSection
	GlobalSection(ExtensibilityGlobals) = postSolution
		SolutionGuid = {0FD0188C-6BE4-4D58-A355-06EDD98928FF}
	EndGlobalSection
EndGlobal
